// !$*UTF8*$!
{
	archiveVersion = 1;
	classes = {
	};
	objectVersion = 50;
	objects = {

/* Begin PBXBuildFile section */
		775E8B95247D784400FFE164 /* AppDelegate.swift in Sources */ = {isa = PBXBuildFile; fileRef = 775E8B94247D784400FFE164 /* AppDelegate.swift */; };
		775E8B97247D784400FFE164 /* ContentView.swift in Sources */ = {isa = PBXBuildFile; fileRef = 775E8B96247D784400FFE164 /* ContentView.swift */; };
		775E8B99247D784A00FFE164 /* Assets.xcassets in Resources */ = {isa = PBXBuildFile; fileRef = 775E8B98247D784A00FFE164 /* Assets.xcassets */; };
		775E8B9C247D784A00FFE164 /* Preview Assets.xcassets in Resources */ = {isa = PBXBuildFile; fileRef = 775E8B9B247D784A00FFE164 /* Preview Assets.xcassets */; };
		775E8B9F247D784A00FFE164 /* Main.storyboard in Resources */ = {isa = PBXBuildFile; fileRef = 775E8B9D247D784A00FFE164 /* Main.storyboard */; };
		775E8BAB247D784A00FFE164 /* Ngram_FuzzySearchTests.swift in Sources */ = {isa = PBXBuildFile; fileRef = 775E8BAA247D784A00FFE164 /* Ngram_FuzzySearchTests.swift */; };
		775E8BB6247D784A00FFE164 /* Ngram_FuzzySearchUITests.swift in Sources */ = {isa = PBXBuildFile; fileRef = 775E8BB5247D784A00FFE164 /* Ngram_FuzzySearchUITests.swift */; };
/* End PBXBuildFile section */

/* Begin PBXContainerItemProxy section */
		775E8BA7247D784A00FFE164 /* PBXContainerItemProxy */ = {
			isa = PBXContainerItemProxy;
			containerPortal = 775E8B89247D784400FFE164 /* Project object */;
			proxyType = 1;
			remoteGlobalIDString = 775E8B90247D784400FFE164;
			remoteInfo = "Ngram-FuzzySearch";
		};
		775E8BB2247D784A00FFE164 /* PBXContainerItemProxy */ = {
			isa = PBXContainerItemProxy;
			containerPortal = 775E8B89247D784400FFE164 /* Project object */;
			proxyType = 1;
			remoteGlobalIDString = 775E8B90247D784400FFE164;
			remoteInfo = "Ngram-FuzzySearch";
		};
/* End PBXContainerItemProxy section */

/* Begin PBXFileReference section */
		775E8B91247D784400FFE164 /* Ngram-FuzzySearch.app */ = {isa = PBXFileReference; explicitFileType = wrapper.application; includeInIndex = 0; path = "Ngram-FuzzySearch.app"; sourceTree = BUILT_PRODUCTS_DIR; };
		775E8B94247D784400FFE164 /* AppDelegate.swift */ = {isa = PBXFileReference; lastKnownFileType = sourcecode.swift; path = AppDelegate.swift; sourceTree = "<group>"; };
		775E8B96247D784400FFE164 /* ContentView.swift */ = {isa = PBXFileReference; lastKnownFileType = sourcecode.swift; path = ContentView.swift; sourceTree = "<group>"; };
		775E8B98247D784A00FFE164 /* Assets.xcassets */ = {isa = PBXFileReference; lastKnownFileType = folder.assetcatalog; path = Assets.xcassets; sourceTree = "<group>"; };
		775E8B9B247D784A00FFE164 /* Preview Assets.xcassets */ = {isa = PBXFileReference; lastKnownFileType = folder.assetcatalog; path = "Preview Assets.xcassets"; sourceTree = "<group>"; };
		775E8B9E247D784A00FFE164 /* Base */ = {isa = PBXFileReference; lastKnownFileType = file.storyboard; name = Base; path = Base.lproj/Main.storyboard; sourceTree = "<group>"; };
		775E8BA0247D784A00FFE164 /* Info.plist */ = {isa = PBXFileReference; lastKnownFileType = text.plist.xml; path = Info.plist; sourceTree = "<group>"; };
		775E8BA1247D784A00FFE164 /* Ngram_FuzzySearch.entitlements */ = {isa = PBXFileReference; lastKnownFileType = text.plist.entitlements; path = Ngram_FuzzySearch.entitlements; sourceTree = "<group>"; };
		775E8BA6247D784A00FFE164 /* Ngram-FuzzySearchTests.xctest */ = {isa = PBXFileReference; explicitFileType = wrapper.cfbundle; includeInIndex = 0; path = "Ngram-FuzzySearchTests.xctest"; sourceTree = BUILT_PRODUCTS_DIR; };
		775E8BAA247D784A00FFE164 /* Ngram_FuzzySearchTests.swift */ = {isa = PBXFileReference; lastKnownFileType = sourcecode.swift; path = Ngram_FuzzySearchTests.swift; sourceTree = "<group>"; };
		775E8BAC247D784A00FFE164 /* Info.plist */ = {isa = PBXFileReference; lastKnownFileType = text.plist.xml; path = Info.plist; sourceTree = "<group>"; };
		775E8BB1247D784A00FFE164 /* Ngram-FuzzySearchUITests.xctest */ = {isa = PBXFileReference; explicitFileType = wrapper.cfbundle; includeInIndex = 0; path = "Ngram-FuzzySearchUITests.xctest"; sourceTree = BUILT_PRODUCTS_DIR; };
		775E8BB5247D784A00FFE164 /* Ngram_FuzzySearchUITests.swift */ = {isa = PBXFileReference; lastKnownFileType = sourcecode.swift; path = Ngram_FuzzySearchUITests.swift; sourceTree = "<group>"; };
		775E8BB7247D784A00FFE164 /* Info.plist */ = {isa = PBXFileReference; lastKnownFileType = text.plist.xml; path = Info.plist; sourceTree = "<group>"; };
/* End PBXFileReference section */

/* Begin PBXFrameworksBuildPhase section */
		775E8B8E247D784400FFE164 /* Frameworks */ = {
			isa = PBXFrameworksBuildPhase;
			buildActionMask = 2147483647;
			files = (
			);
			runOnlyForDeploymentPostprocessing = 0;
		};
		775E8BA3247D784A00FFE164 /* Frameworks */ = {
			isa = PBXFrameworksBuildPhase;
			buildActionMask = 2147483647;
			files = (
			);
			runOnlyForDeploymentPostprocessing = 0;
		};
		775E8BAE247D784A00FFE164 /* Frameworks */ = {
			isa = PBXFrameworksBuildPhase;
			buildActionMask = 2147483647;
			files = (
			);
			runOnlyForDeploymentPostprocessing = 0;
		};
/* End PBXFrameworksBuildPhase section */

/* Begin PBXGroup section */
		775E8B88247D784400FFE164 = {
			isa = PBXGroup;
			children = (
				775E8B93247D784400FFE164 /* Ngram-FuzzySearch */,
				775E8BA9247D784A00FFE164 /* Ngram-FuzzySearchTests */,
				775E8BB4247D784A00FFE164 /* Ngram-FuzzySearchUITests */,
				775E8B92247D784400FFE164 /* Products */,
			);
			sourceTree = "<group>";
		};
		775E8B92247D784400FFE164 /* Products */ = {
			isa = PBXGroup;
			children = (
				775E8B91247D784400FFE164 /* Ngram-FuzzySearch.app */,
				775E8BA6247D784A00FFE164 /* Ngram-FuzzySearchTests.xctest */,
				775E8BB1247D784A00FFE164 /* Ngram-FuzzySearchUITests.xctest */,
			);
			name = Products;
			sourceTree = "<group>";
		};
		775E8B93247D784400FFE164 /* Ngram-FuzzySearch */ = {
			isa = PBXGroup;
			children = (
				775E8B94247D784400FFE164 /* AppDelegate.swift */,
				775E8B96247D784400FFE164 /* ContentView.swift */,
				775E8B98247D784A00FFE164 /* Assets.xcassets */,
				775E8B9D247D784A00FFE164 /* Main.storyboard */,
				775E8BA0247D784A00FFE164 /* Info.plist */,
				775E8BA1247D784A00FFE164 /* Ngram_FuzzySearch.entitlements */,
				775E8B9A247D784A00FFE164 /* Preview Content */,
			);
			path = "Ngram-FuzzySearch";
			sourceTree = "<group>";
		};
		775E8B9A247D784A00FFE164 /* Preview Content */ = {
			isa = PBXGroup;
			children = (
				775E8B9B247D784A00FFE164 /* Preview Assets.xcassets */,
			);
			path = "Preview Content";
			sourceTree = "<group>";
		};
		775E8BA9247D784A00FFE164 /* Ngram-FuzzySearchTests */ = {
			isa = PBXGroup;
			children = (
				775E8BAA247D784A00FFE164 /* Ngram_FuzzySearchTests.swift */,
				775E8BAC247D784A00FFE164 /* Info.plist */,
			);
			path = "Ngram-FuzzySearchTests";
			sourceTree = "<group>";
		};
		775E8BB4247D784A00FFE164 /* Ngram-FuzzySearchUITests */ = {
			isa = PBXGroup;
			children = (
				775E8BB5247D784A00FFE164 /* Ngram_FuzzySearchUITests.swift */,
				775E8BB7247D784A00FFE164 /* Info.plist */,
			);
			path = "Ngram-FuzzySearchUITests";
			sourceTree = "<group>";
		};
/* End PBXGroup section */

/* Begin PBXNativeTarget section */
		775E8B90247D784400FFE164 /* Ngram-FuzzySearch */ = {
			isa = PBXNativeTarget;
			buildConfigurationList = 775E8BBA247D784A00FFE164 /* Build configuration list for PBXNativeTarget "Ngram-FuzzySearch" */;
			buildPhases = (
				775E8B8D247D784400FFE164 /* Sources */,
				775E8B8E247D784400FFE164 /* Frameworks */,
				775E8B8F247D784400FFE164 /* Resources */,
			);
			buildRules = (
			);
			dependencies = (
			);
			name = "Ngram-FuzzySearch";
			productName = "Ngram-FuzzySearch";
			productReference = 775E8B91247D784400FFE164 /* Ngram-FuzzySearch.app */;
			productType = "com.apple.product-type.application";
		};
		775E8BA5247D784A00FFE164 /* Ngram-FuzzySearchTests */ = {
			isa = PBXNativeTarget;
			buildConfigurationList = 775E8BBD247D784A00FFE164 /* Build configuration list for PBXNativeTarget "Ngram-FuzzySearchTests" */;
			buildPhases = (
				775E8BA2247D784A00FFE164 /* Sources */,
				775E8BA3247D784A00FFE164 /* Frameworks */,
				775E8BA4247D784A00FFE164 /* Resources */,
			);
			buildRules = (
			);
			dependencies = (
				775E8BA8247D784A00FFE164 /* PBXTargetDependency */,
			);
			name = "Ngram-FuzzySearchTests";
			productName = "Ngram-FuzzySearchTests";
			productReference = 775E8BA6247D784A00FFE164 /* Ngram-FuzzySearchTests.xctest */;
			productType = "com.apple.product-type.bundle.unit-test";
		};
		775E8BB0247D784A00FFE164 /* Ngram-FuzzySearchUITests */ = {
			isa = PBXNativeTarget;
			buildConfigurationList = 775E8BC0247D784A00FFE164 /* Build configuration list for PBXNativeTarget "Ngram-FuzzySearchUITests" */;
			buildPhases = (
				775E8BAD247D784A00FFE164 /* Sources */,
				775E8BAE247D784A00FFE164 /* Frameworks */,
				775E8BAF247D784A00FFE164 /* Resources */,
			);
			buildRules = (
			);
			dependencies = (
				775E8BB3247D784A00FFE164 /* PBXTargetDependency */,
			);
			name = "Ngram-FuzzySearchUITests";
			productName = "Ngram-FuzzySearchUITests";
			productReference = 775E8BB1247D784A00FFE164 /* Ngram-FuzzySearchUITests.xctest */;
			productType = "com.apple.product-type.bundle.ui-testing";
		};
/* End PBXNativeTarget section */

/* Begin PBXProject section */
		775E8B89247D784400FFE164 /* Project object */ = {
			isa = PBXProject;
			attributes = {
				LastSwiftUpdateCheck = 1130;
				LastUpgradeCheck = 1130;
				ORGANIZATIONNAME = "Eduard Dzhumagaliev";
				TargetAttributes = {
					775E8B90247D784400FFE164 = {
						CreatedOnToolsVersion = 11.3;
					};
					775E8BA5247D784A00FFE164 = {
						CreatedOnToolsVersion = 11.3;
						TestTargetID = 775E8B90247D784400FFE164;
					};
					775E8BB0247D784A00FFE164 = {
						CreatedOnToolsVersion = 11.3;
						TestTargetID = 775E8B90247D784400FFE164;
					};
				};
			};
			buildConfigurationList = 775E8B8C247D784400FFE164 /* Build configuration list for PBXProject "Ngram-FuzzySearch" */;
			compatibilityVersion = "Xcode 9.3";
			developmentRegion = en;
			hasScannedForEncodings = 0;
			knownRegions = (
				en,
				Base,
			);
			mainGroup = 775E8B88247D784400FFE164;
			productRefGroup = 775E8B92247D784400FFE164 /* Products */;
			projectDirPath = "";
			projectRoot = "";
			targets = (
				775E8B90247D784400FFE164 /* Ngram-FuzzySearch */,
				775E8BA5247D784A00FFE164 /* Ngram-FuzzySearchTests */,
				775E8BB0247D784A00FFE164 /* Ngram-FuzzySearchUITests */,
			);
		};
/* End PBXProject section */

/* Begin PBXResourcesBuildPhase section */
		775E8B8F247D784400FFE164 /* Resources */ = {
			isa = PBXResourcesBuildPhase;
			buildActionMask = 2147483647;
			files = (
				775E8B9F247D784A00FFE164 /* Main.storyboard in Resources */,
				775E8B9C247D784A00FFE164 /* Preview Assets.xcassets in Resources */,
				775E8B99247D784A00FFE164 /* Assets.xcassets in Resources */,
			);
			runOnlyForDeploymentPostprocessing = 0;
		};
		775E8BA4247D784A00FFE164 /* Resources */ = {
			isa = PBXResourcesBuildPhase;
			buildActionMask = 2147483647;
			files = (
			);
			runOnlyForDeploymentPostprocessing = 0;
		};
		775E8BAF247D784A00FFE164 /* Resources */ = {
			isa = PBXResourcesBuildPhase;
			buildActionMask = 2147483647;
			files = (
			);
			runOnlyForDeploymentPostprocessing = 0;
		};
/* End PBXResourcesBuildPhase section */

/* Begin PBXSourcesBuildPhase section */
		775E8B8D247D784400FFE164 /* Sources */ = {
			isa = PBXSourcesBuildPhase;
			buildActionMask = 2147483647;
			files = (
				775E8B97247D784400FFE164 /* ContentView.swift in Sources */,
				775E8B95247D784400FFE164 /* AppDelegate.swift in Sources */,
			);
			runOnlyForDeploymentPostprocessing = 0;
		};
		775E8BA2247D784A00FFE164 /* Sources */ = {
			isa = PBXSourcesBuildPhase;
			buildActionMask = 2147483647;
			files = (
				775E8BAB247D784A00FFE164 /* Ngram_FuzzySearchTests.swift in Sources */,
			);
			runOnlyForDeploymentPostprocessing = 0;
		};
		775E8BAD247D784A00FFE164 /* Sources */ = {
			isa = PBXSourcesBuildPhase;
			buildActionMask = 2147483647;
			files = (
				775E8BB6247D784A00FFE164 /* Ngram_FuzzySearchUITests.swift in Sources */,
			);
			runOnlyForDeploymentPostprocessing = 0;
		};
/* End PBXSourcesBuildPhase section */

/* Begin PBXTargetDependency section */
		775E8BA8247D784A00FFE164 /* PBXTargetDependency */ = {
			isa = PBXTargetDependency;
			target = 775E8B90247D784400FFE164 /* Ngram-FuzzySearch */;
			targetProxy = 775E8BA7247D784A00FFE164 /* PBXContainerItemProxy */;
		};
		775E8BB3247D784A00FFE164 /* PBXTargetDependency */ = {
			isa = PBXTargetDependency;
			target = 775E8B90247D784400FFE164 /* Ngram-FuzzySearch */;
			targetProxy = 775E8BB2247D784A00FFE164 /* PBXContainerItemProxy */;
		};
/* End PBXTargetDependency section */

/* Begin PBXVariantGroup section */
		775E8B9D247D784A00FFE164 /* Main.storyboard */ = {
			isa = PBXVariantGroup;
			children = (
				775E8B9E247D784A00FFE164 /* Base */,
			);
			name = Main.storyboard;
			sourceTree = "<group>";
		};
/* End PBXVariantGroup section */

/* Begin XCBuildConfiguration section */
		775E8BB8247D784A00FFE164 /* Debug */ = {
			isa = XCBuildConfiguration;
			buildSettings = {
				ALWAYS_SEARCH_USER_PATHS = NO;
				CLANG_ANALYZER_NONNULL = YES;
				CLANG_ANALYZER_NUMBER_OBJECT_CONVERSION = YES_AGGRESSIVE;
				CLANG_CXX_LANGUAGE_STANDARD = "gnu++14";
				CLANG_CXX_LIBRARY = "libc++";
				CLANG_ENABLE_MODULES = YES;
				CLANG_ENABLE_OBJC_ARC = YES;
				CLANG_ENABLE_OBJC_WEAK = YES;
				CLANG_WARN_BLOCK_CAPTURE_AUTORELEASING = YES;
				CLANG_WARN_BOOL_CONVERSION = YES;
				CLANG_WARN_COMMA = YES;
				CLANG_WARN_CONSTANT_CONVERSION = YES;
				CLANG_WARN_DEPRECATED_OBJC_IMPLEMENTATIONS = YES;
				CLANG_WARN_DIRECT_OBJC_ISA_USAGE = YES_ERROR;
				CLANG_WARN_DOCUMENTATION_COMMENTS = YES;
				CLANG_WARN_EMPTY_BODY = YES;
				CLANG_WARN_ENUM_CONVERSION = YES;
				CLANG_WARN_INFINITE_RECURSION = YES;
				CLANG_WARN_INT_CONVERSION = YES;
				CLANG_WARN_NON_LITERAL_NULL_CONVERSION = YES;
				CLANG_WARN_OBJC_IMPLICIT_RETAIN_SELF = YES;
				CLANG_WARN_OBJC_LITERAL_CONVERSION = YES;
				CLANG_WARN_OBJC_ROOT_CLASS = YES_ERROR;
				CLANG_WARN_RANGE_LOOP_ANALYSIS = YES;
				CLANG_WARN_STRICT_PROTOTYPES = YES;
				CLANG_WARN_SUSPICIOUS_MOVE = YES;
				CLANG_WARN_UNGUARDED_AVAILABILITY = YES_AGGRESSIVE;
				CLANG_WARN_UNREACHABLE_CODE = YES;
				CLANG_WARN__DUPLICATE_METHOD_MATCH = YES;
				COPY_PHASE_STRIP = NO;
				DEBUG_INFORMATION_FORMAT = dwarf;
				ENABLE_STRICT_OBJC_MSGSEND = YES;
				ENABLE_TESTABILITY = YES;
				GCC_C_LANGUAGE_STANDARD = gnu11;
				GCC_DYNAMIC_NO_PIC = NO;
				GCC_NO_COMMON_BLOCKS = YES;
				GCC_OPTIMIZATION_LEVEL = 0;
				GCC_PREPROCESSOR_DEFINITIONS = (
					"DEBUG=1",
					"$(inherited)",
				);
				GCC_WARN_64_TO_32_BIT_CONVERSION = YES;
				GCC_WARN_ABOUT_RETURN_TYPE = YES_ERROR;
				GCC_WARN_UNDECLARED_SELECTOR = YES;
				GCC_WARN_UNINITIALIZED_AUTOS = YES_AGGRESSIVE;
				GCC_WARN_UNUSED_FUNCTION = YES;
				GCC_WARN_UNUSED_VARIABLE = YES;
				MACOSX_DEPLOYMENT_TARGET = 10.15;
				MTL_ENABLE_DEBUG_INFO = INCLUDE_SOURCE;
				MTL_FAST_MATH = YES;
				ONLY_ACTIVE_ARCH = YES;
				SDKROOT = macosx;
				SWIFT_ACTIVE_COMPILATION_CONDITIONS = DEBUG;
				SWIFT_OPTIMIZATION_LEVEL = "-Onone";
			};
			name = Debug;
		};
		775E8BB9247D784A00FFE164 /* Release */ = {
			isa = XCBuildConfiguration;
			buildSettings = {
				ALWAYS_SEARCH_USER_PATHS = NO;
				CLANG_ANALYZER_NONNULL = YES;
				CLANG_ANALYZER_NUMBER_OBJECT_CONVERSION = YES_AGGRESSIVE;
				CLANG_CXX_LANGUAGE_STANDARD = "gnu++14";
				CLANG_CXX_LIBRARY = "libc++";
				CLANG_ENABLE_MODULES = YES;
				CLANG_ENABLE_OBJC_ARC = YES;
				CLANG_ENABLE_OBJC_WEAK = YES;
				CLANG_WARN_BLOCK_CAPTURE_AUTORELEASING = YES;
				CLANG_WARN_BOOL_CONVERSION = YES;
				CLANG_WARN_COMMA = YES;
				CLANG_WARN_CONSTANT_CONVERSION = YES;
				CLANG_WARN_DEPRECATED_OBJC_IMPLEMENTATIONS = YES;
				CLANG_WARN_DIRECT_OBJC_ISA_USAGE = YES_ERROR;
				CLANG_WARN_DOCUMENTATION_COMMENTS = YES;
				CLANG_WARN_EMPTY_BODY = YES;
				CLANG_WARN_ENUM_CONVERSION = YES;
				CLANG_WARN_INFINITE_RECURSION = YES;
				CLANG_WARN_INT_CONVERSION = YES;
				CLANG_WARN_NON_LITERAL_NULL_CONVERSION = YES;
				CLANG_WARN_OBJC_IMPLICIT_RETAIN_SELF = YES;
				CLANG_WARN_OBJC_LITERAL_CONVERSION = YES;
				CLANG_WARN_OBJC_ROOT_CLASS = YES_ERROR;
				CLANG_WARN_RANGE_LOOP_ANALYSIS = YES;
				CLANG_WARN_STRICT_PROTOTYPES = YES;
				CLANG_WARN_SUSPICIOUS_MOVE = YES;
				CLANG_WARN_UNGUARDED_AVAILABILITY = YES_AGGRESSIVE;
				CLANG_WARN_UNREACHABLE_CODE = YES;
				CLANG_WARN__DUPLICATE_METHOD_MATCH = YES;
				COPY_PHASE_STRIP = NO;
				DEBUG_INFORMATION_FORMAT = "dwarf-with-dsym";
				ENABLE_NS_ASSERTIONS = NO;
				ENABLE_STRICT_OBJC_MSGSEND = YES;
				GCC_C_LANGUAGE_STANDARD = gnu11;
				GCC_NO_COMMON_BLOCKS = YES;
				GCC_WARN_64_TO_32_BIT_CONVERSION = YES;
				GCC_WARN_ABOUT_RETURN_TYPE = YES_ERROR;
				GCC_WARN_UNDECLARED_SELECTOR = YES;
				GCC_WARN_UNINITIALIZED_AUTOS = YES_AGGRESSIVE;
				GCC_WARN_UNUSED_FUNCTION = YES;
				GCC_WARN_UNUSED_VARIABLE = YES;
				MACOSX_DEPLOYMENT_TARGET = 10.15;
				MTL_ENABLE_DEBUG_INFO = NO;
				MTL_FAST_MATH = YES;
				SDKROOT = macosx;
				SWIFT_COMPILATION_MODE = wholemodule;
				SWIFT_OPTIMIZATION_LEVEL = "-O";
			};
			name = Release;
		};
		775E8BBB247D784A00FFE164 /* Debug */ = {
			isa = XCBuildConfiguration;
			buildSettings = {
				ASSETCATALOG_COMPILER_APPICON_NAME = AppIcon;
				CODE_SIGN_ENTITLEMENTS = "Ngram-FuzzySearch/Ngram_FuzzySearch.entitlements";
				CODE_SIGN_STYLE = Automatic;
				COMBINE_HIDPI_IMAGES = YES;
				DEVELOPMENT_ASSET_PATHS = "\"Ngram-FuzzySearch/Preview Content\"";
				DEVELOPMENT_TEAM = HA8PQ78LFS;
				ENABLE_HARDENED_RUNTIME = YES;
				ENABLE_PREVIEWS = YES;
				INFOPLIST_FILE = "Ngram-FuzzySearch/Info.plist";
				LD_RUNPATH_SEARCH_PATHS = (
					"$(inherited)",
					"@executable_path/../Frameworks",
				);
				MACOSX_DEPLOYMENT_TARGET = 10.15;
				PRODUCT_BUNDLE_IDENTIFIER = "terriblegoodday.Ngram-FuzzySearch";
				PRODUCT_NAME = "$(TARGET_NAME)";
				SWIFT_VERSION = 5.0;
			};
			name = Debug;
		};
		775E8BBC247D784A00FFE164 /* Release */ = {
			isa = XCBuildConfiguration;
			buildSettings = {
				ASSETCATALOG_COMPILER_APPICON_NAME = AppIcon;
				CODE_SIGN_ENTITLEMENTS = "Ngram-FuzzySearch/Ngram_FuzzySearch.entitlements";
				CODE_SIGN_STYLE = Automatic;
				COMBINE_HIDPI_IMAGES = YES;
				DEVELOPMENT_ASSET_PATHS = "\"Ngram-FuzzySearch/Preview Content\"";
				DEVELOPMENT_TEAM = HA8PQ78LFS;
				ENABLE_HARDENED_RUNTIME = YES;
				ENABLE_PREVIEWS = YES;
				INFOPLIST_FILE = "Ngram-FuzzySearch/Info.plist";
				LD_RUNPATH_SEARCH_PATHS = (
					"$(inherited)",
					"@executable_path/../Frameworks",
				);
				MACOSX_DEPLOYMENT_TARGET = 10.15;
				PRODUCT_BUNDLE_IDENTIFIER = "terriblegoodday.Ngram-FuzzySearch";
				PRODUCT_NAME = "$(TARGET_NAME)";
				SWIFT_VERSION = 5.0;
			};
			name = Release;
		};
		775E8BBE247D784A00FFE164 /* Debug */ = {
			isa = XCBuildConfiguration;
			buildSettings = {
				ALWAYS_EMBED_SWIFT_STANDARD_LIBRARIES = YES;
				BUNDLE_LOADER = "$(TEST_HOST)";
				CODE_SIGN_STYLE = Automatic;
				COMBINE_HIDPI_IMAGES = YES;
				DEVELOPMENT_TEAM = HA8PQ78LFS;
				INFOPLIST_FILE = "Ngram-FuzzySearchTests/Info.plist";
				LD_RUNPATH_SEARCH_PATHS = (
					"$(inherited)",
					"@executable_path/../Frameworks",
					"@loader_path/../Frameworks",
				);
				MACOSX_DEPLOYMENT_TARGET = 10.15;
				PRODUCT_BUNDLE_IDENTIFIER = "terriblegoodday.Ngram-FuzzySearchTests";
				PRODUCT_NAME = "$(TARGET_NAME)";
				SWIFT_VERSION = 5.0;
				TEST_HOST = "$(BUILT_PRODUCTS_DIR)/Ngram-FuzzySearch.app/Contents/MacOS/Ngram-FuzzySearch";
			};
			name = Debug;
		};
		775E8BBF247D784A00FFE164 /* Release */ = {
			isa = XCBuildConfiguration;
			buildSettings = {
				ALWAYS_EMBED_SWIFT_STANDARD_LIBRARIES = YES;
				BUNDLE_LOADER = "$(TEST_HOST)";
				CODE_SIGN_STYLE = Automatic;
				COMBINE_HIDPI_IMAGES = YES;
				DEVELOPMENT_TEAM = HA8PQ78LFS;
				INFOPLIST_FILE = "Ngram-FuzzySearchTests/Info.plist";
				LD_RUNPATH_SEARCH_PATHS = (
					"$(inherited)",
					"@executable_path/../Frameworks",
					"@loader_path/../Frameworks",
				);
				MACOSX_DEPLOYMENT_TARGET = 10.15;
				PRODUCT_BUNDLE_IDENTIFIER = "terriblegoodday.Ngram-FuzzySearchTests";
				PRODUCT_NAME = "$(TARGET_NAME)";
				SWIFT_VERSION = 5.0;
				TEST_HOST = "$(BUILT_PRODUCTS_DIR)/Ngram-FuzzySearch.app/Contents/MacOS/Ngram-FuzzySearch";
			};
			name = Release;
		};
		775E8BC1247D784A00FFE164 /* Debug */ = {
			isa = XCBuildConfiguration;
			buildSettings = {
				ALWAYS_EMBED_SWIFT_STANDARD_LIBRARIES = YES;
				CODE_SIGN_STYLE = Automatic;
				COMBINE_HIDPI_IMAGES = YES;
				DEVELOPMENT_TEAM = HA8PQ78LFS;
				INFOPLIST_FILE = "Ngram-FuzzySearchUITests/Info.plist";
				LD_RUNPATH_SEARCH_PATHS = (
					"$(inherited)",
					"@executable_path/../Frameworks",
					"@loader_path/../Frameworks",
				);
				PRODUCT_BUNDLE_IDENTIFIER = "terriblegoodday.Ngram-FuzzySearchUITests";
				PRODUCT_NAME = "$(TARGET_NAME)";
				SWIFT_VERSION = 5.0;
				TEST_TARGET_NAME = "Ngram-FuzzySearch";
			};
			name = Debug;
		};
		775E8BC2247D784A00FFE164 /* Release */ = {
			isa = XCBuildConfiguration;
			buildSettings = {
				ALWAYS_EMBED_SWIFT_STANDARD_LIBRARIES = YES;
				CODE_SIGN_STYLE = Automatic;
				COMBINE_HIDPI_IMAGES = YES;
				DEVELOPMENT_TEAM = HA8PQ78LFS;
				INFOPLIST_FILE = "Ngram-FuzzySearchUITests/Info.plist";
				LD_RUNPATH_SEARCH_PATHS = (
					"$(inherited)",
					"@executable_path/../Frameworks",
					"@loader_path/../Frameworks",
				);
				PRODUCT_BUNDLE_IDENTIFIER = "terriblegoodday.Ngram-FuzzySearchUITests";
				PRODUCT_NAME = "$(TARGET_NAME)";
				SWIFT_VERSION = 5.0;
				TEST_TARGET_NAME = "Ngram-FuzzySearch";
			};
			name = Release;
		};
/* End XCBuildConfiguration section */

/* Begin XCConfigurationList section */
		775E8B8C247D784400FFE164 /* Build configuration list for PBXProject "Ngram-FuzzySearch" */ = {
			isa = XCConfigurationList;
			buildConfigurations = (
				775E8BB8247D784A00FFE164 /* Debug */,
				775E8BB9247D784A00FFE164 /* Release */,
			);
			defaultConfigurationIsVisible = 0;
			defaultConfigurationName = Release;
		};
		775E8BBA247D784A00FFE164 /* Build configuration list for PBXNativeTarget "Ngram-FuzzySearch" */ = {
			isa = XCConfigurationList;
			buildConfigurations = (
				775E8BBB247D784A00FFE164 /* Debug */,
				775E8BBC247D784A00FFE164 /* Release */,
			);
			defaultConfigurationIsVisible = 0;
			defaultConfigurationName = Release;
		};
		775E8BBD247D784A00FFE164 /* Build configuration list for PBXNativeTarget "Ngram-FuzzySearchTests" */ = {
			isa = XCConfigurationList;
			buildConfigurations = (
				775E8BBE247D784A00FFE164 /* Debug */,
				775E8BBF247D784A00FFE164 /* Release */,
			);
			defaultConfigurationIsVisible = 0;
			defaultConfigurationName = Release;
		};
		775E8BC0247D784A00FFE164 /* Build configuration list for PBXNativeTarget "Ngram-FuzzySearchUITests" */ = {
			isa = XCConfigurationList;
			buildConfigurations = (
				775E8BC1247D784A00FFE164 /* Debug */,
				775E8BC2247D784A00FFE164 /* Release */,
			);
			defaultConfigurationIsVisible = 0;
			defaultConfigurationName = Release;
		};
/* End XCConfigurationList section */
	};
	rootObject = 775E8B89247D784400FFE164 /* Project object */;
}
